
Microsoft Visual Studio Solution File, Format Version 12.00
# Visual Studio 2013
VisualStudioVersion = 12.0.31101.0
MinimumVisualStudioVersion = 10.0.40219.1
Project("{FAE04EC0-301F-11D3-BF4B-00C04F79EFBC}") = "Pagination", "Pagination\Pagination.csproj", "{A57F7ABC-C9B4-4574-8F3A-342A45D4701E}"
EndProject
Project("{FAE04EC0-301F-11D3-BF4B-00C04F79EFBC}") = "Pagination.Persistence", "Pagination.Persistence\Pagination.Persistence.csproj", "{58A2576C-C71E-4B1C-B598-B2038FCFB58A}"
EndProject
Global
	GlobalSection(SolutionConfigurationPlatforms) = preSolution
		Debug|Any CPU = Debug|Any CPU
		Release|Any CPU = Release|Any CPU
	EndGlobalSection
	GlobalSection(ProjectConfigurationPlatforms) = postSolution
		{A57F7ABC-C9B4-4574-8F3A-342A45D4701E}.Debug|Any CPU.ActiveCfg = Debug|Any CPU
		{A57F7ABC-C9B4-4574-8F3A-342A45D4701E}.Debug|Any CPU.Build.0 = Debug|Any CPU
		{A57F7ABC-C9B4-4574-8F3A-342A45D4701E}.Release|Any CPU.ActiveCfg = Release|Any CPU
		{A57F7ABC-C9B4-4574-8F3A-342A45D4701E}.Release|Any CPU.Build.0 = Release|Any CPU
		{58A2576C-C71E-4B1C-B598-B2038FCFB58A}.Debug|Any CPU.ActiveCfg = Debug|Any CPU
		{58A2576C-C71E-4B1C-B598-B2038FCFB58A}.Debug|Any CPU.Build.0 = Debug|Any CPU
		{58A2576C-C71E-4B1C-B598-B2038FCFB58A}.Release|Any CPU.ActiveCfg = Release|Any CPU
		{58A2576C-C71E-4B1C-B598-B2038FCFB58A}.Release|Any CPU.Build.0 = Release|Any CPU
	EndGlobalSection
	GlobalSection(SolutionProperties) = preSolution
		HideSolutionNode = FALSE
	EndGlobalSection
EndGlobal
